
Microsoft Visual Studio Solution File, Format Version 12.00
# Visual Studio 2012
Project("{FAE04EC0-301F-11D3-BF4B-00C04F79EFBC}") = "Yalf", "Yalf\Yalf.csproj", "{B7459CA6-43BF-49F3-88E2-805B52F34DB3}"
EndProject
Project("{FAE04EC0-301F-11D3-BF4B-00C04F79EFBC}") = "Yalf.Tests", "Yalf.Tests\Yalf.Tests.csproj", "{EC9DF4E3-F9E1-49E1-92FE-B67938823157}"
EndProject
Project("{FAE04EC0-301F-11D3-BF4B-00C04F79EFBC}") = "Yalf.Sample", "Yalf.Sample\Yalf.Sample.csproj", "{8D978CFF-6057-48CE-B671-D6883DAF5BEF}"
EndProject
Project("{FAE04EC0-301F-11D3-BF4B-00C04F79EFBC}") = "Yalf.Fody", "Yalf.Fody\Yalf.Fody.csproj", "{25395B59-7855-484C-9C19-A858C39B5FC7}"
EndProject
Project("{FAE04EC0-301F-11D3-BF4B-00C04F79EFBC}") = "Yalf.TestAssembly", "Yalf.TestAssembly\Yalf.TestAssembly.csproj", "{032E69CD-26C7-4C53-8A95-16B30880AC31}"
EndProject
Project("{2150E333-8FDC-42A3-9474-1A3956D46DE8}") = ".nuget", ".nuget", "{8AD37291-E51A-454B-9F5D-97EA9F5BDBBE}"
	ProjectSection(SolutionItems) = preProject
		.nuget\NuGet.Config = .nuget\NuGet.Config
		.nuget\NuGet.exe = .nuget\NuGet.exe
		.nuget\NuGet.targets = .nuget\NuGet.targets
	EndProjectSection
EndProject
Project("{2150E333-8FDC-42A3-9474-1A3956D46DE8}") = "Tests", "Tests", "{A4EF5EBE-4390-4A96-B7A5-1AFBEAEC04D9}"
EndProject
Project("{2150E333-8FDC-42A3-9474-1A3956D46DE8}") = "NuGet", "NuGet", "{8D5982B2-F03B-4847-919E-0C6EA16AA081}"
EndProject
Project("{FAE04EC0-301F-11D3-BF4B-00C04F79EFBC}") = "Yalf.Fody.Nuget", "Yalf.Fody.Nuget\Yalf.Fody.Nuget.csproj", "{36812752-A114-4C12-8FAC-DAA48FB0A485}"
	ProjectSection(ProjectDependencies) = postProject
		{25395B59-7855-484C-9C19-A858C39B5FC7} = {25395B59-7855-484C-9C19-A858C39B5FC7}
		{F419C476-9451-4471-9275-67525F6B1D3A} = {F419C476-9451-4471-9275-67525F6B1D3A}
		{B7459CA6-43BF-49F3-88E2-805B52F34DB3} = {B7459CA6-43BF-49F3-88E2-805B52F34DB3}
		{6EBC07EF-3B99-447D-B272-76D40BE6AA8A} = {6EBC07EF-3B99-447D-B272-76D40BE6AA8A}
	EndProjectSection
EndProject
Project("{FAE04EC0-301F-11D3-BF4B-00C04F79EFBC}") = "Yalf.NuGet", "Yalf.NuGet\Yalf.NuGet.csproj", "{A1690667-ADF8-436A-AD2E-D7CB9DBC7433}"
	ProjectSection(ProjectDependencies) = postProject
		{F419C476-9451-4471-9275-67525F6B1D3A} = {F419C476-9451-4471-9275-67525F6B1D3A}
		{B7459CA6-43BF-49F3-88E2-805B52F34DB3} = {B7459CA6-43BF-49F3-88E2-805B52F34DB3}
		{6EBC07EF-3B99-447D-B272-76D40BE6AA8A} = {6EBC07EF-3B99-447D-B272-76D40BE6AA8A}
	EndProjectSection
EndProject
Project("{FAE04EC0-301F-11D3-BF4B-00C04F79EFBC}") = "Yalf.Performance", "Yalf.Performance\Yalf.Performance.csproj", "{2F540A04-D249-4800-A08D-76869A3770A7}"
EndProject
Project("{FAE04EC0-301F-11D3-BF4B-00C04F79EFBC}") = "Yalf_PCL", "Yalf_PCL\Yalf_PCL.csproj", "{6EBC07EF-3B99-447D-B272-76D40BE6AA8A}"
EndProject
Project("{FAE04EC0-301F-11D3-BF4B-00C04F79EFBC}") = "Yalf_3.5", "Yalf_3.5\Yalf_3.5.csproj", "{F419C476-9451-4471-9275-67525F6B1D3A}"
EndProject
Project("{2150E333-8FDC-42A3-9474-1A3956D46DE8}") = "targets", "targets", "{408CC820-BD63-4610-97FE-879BA5231F9F}"
EndProject
Project("{2150E333-8FDC-42A3-9474-1A3956D46DE8}") = "PCL", "PCL", "{CCEEDDF3-E19A-45F8-AA10-97DD69FE2982}"
EndProject
Project("{2150E333-8FDC-42A3-9474-1A3956D46DE8}") = ".net35", ".net35", "{A914247D-10F5-4DB0-AD16-BF5DB1BF3777}"
EndProject
Project("{FAE04EC0-301F-11D3-BF4B-00C04F79EFBC}") = "Yalf.Perver", "YalfPerver\Yalf.Perver.csproj", "{94757643-692B-48F1-B3D1-67C1C027974E}"
EndProject
Project("{FAE04EC0-301F-11D3-BF4B-00C04F79EFBC}") = "YalfPerver.Tests", "YalfPerver.Tests\YalfPerver.Tests.csproj", "{DBC50756-0074-474C-8605-A01D0D077890}"
EndProject
Global
	GlobalSection(SolutionConfigurationPlatforms) = preSolution
		Debug|Any CPU = Debug|Any CPU
		Debug|Mixed Platforms = Debug|Mixed Platforms
		Debug|x86 = Debug|x86
		Release|Any CPU = Release|Any CPU
		Release|Mixed Platforms = Release|Mixed Platforms
		Release|x86 = Release|x86
	EndGlobalSection
	GlobalSection(ProjectConfigurationPlatforms) = postSolution
		{B7459CA6-43BF-49F3-88E2-805B52F34DB3}.Debug|Any CPU.ActiveCfg = Debug|Any CPU
		{B7459CA6-43BF-49F3-88E2-805B52F34DB3}.Debug|Any CPU.Build.0 = Debug|Any CPU
		{B7459CA6-43BF-49F3-88E2-805B52F34DB3}.Debug|Mixed Platforms.ActiveCfg = Debug|Any CPU
		{B7459CA6-43BF-49F3-88E2-805B52F34DB3}.Debug|Mixed Platforms.Build.0 = Debug|Any CPU
		{B7459CA6-43BF-49F3-88E2-805B52F34DB3}.Debug|x86.ActiveCfg = Debug|Any CPU
		{B7459CA6-43BF-49F3-88E2-805B52F34DB3}.Release|Any CPU.ActiveCfg = Release|Any CPU
		{B7459CA6-43BF-49F3-88E2-805B52F34DB3}.Release|Any CPU.Build.0 = Release|Any CPU
		{B7459CA6-43BF-49F3-88E2-805B52F34DB3}.Release|Mixed Platforms.ActiveCfg = Release|Any CPU
		{B7459CA6-43BF-49F3-88E2-805B52F34DB3}.Release|Mixed Platforms.Build.0 = Release|Any CPU
		{B7459CA6-43BF-49F3-88E2-805B52F34DB3}.Release|x86.ActiveCfg = Release|Any CPU
		{EC9DF4E3-F9E1-49E1-92FE-B67938823157}.Debug|Any CPU.ActiveCfg = Debug|Any CPU
		{EC9DF4E3-F9E1-49E1-92FE-B67938823157}.Debug|Any CPU.Build.0 = Debug|Any CPU
		{EC9DF4E3-F9E1-49E1-92FE-B67938823157}.Debug|Mixed Platforms.ActiveCfg = Debug|Any CPU
		{EC9DF4E3-F9E1-49E1-92FE-B67938823157}.Debug|Mixed Platforms.Build.0 = Debug|Any CPU
		{EC9DF4E3-F9E1-49E1-92FE-B67938823157}.Debug|x86.ActiveCfg = Debug|Any CPU
		{EC9DF4E3-F9E1-49E1-92FE-B67938823157}.Release|Any CPU.ActiveCfg = Release|Any CPU
		{EC9DF4E3-F9E1-49E1-92FE-B67938823157}.Release|Any CPU.Build.0 = Release|Any CPU
		{EC9DF4E3-F9E1-49E1-92FE-B67938823157}.Release|Mixed Platforms.ActiveCfg = Release|Any CPU
		{EC9DF4E3-F9E1-49E1-92FE-B67938823157}.Release|Mixed Platforms.Build.0 = Release|Any CPU
		{EC9DF4E3-F9E1-49E1-92FE-B67938823157}.Release|x86.ActiveCfg = Release|Any CPU
		{8D978CFF-6057-48CE-B671-D6883DAF5BEF}.Debug|Any CPU.ActiveCfg = Debug|Any CPU
		{8D978CFF-6057-48CE-B671-D6883DAF5BEF}.Debug|Any CPU.Build.0 = Debug|Any CPU
		{8D978CFF-6057-48CE-B671-D6883DAF5BEF}.Debug|Mixed Platforms.ActiveCfg = Debug|Any CPU
		{8D978CFF-6057-48CE-B671-D6883DAF5BEF}.Debug|Mixed Platforms.Build.0 = Debug|Any CPU
		{8D978CFF-6057-48CE-B671-D6883DAF5BEF}.Debug|x86.ActiveCfg = Debug|Any CPU
		{8D978CFF-6057-48CE-B671-D6883DAF5BEF}.Release|Any CPU.ActiveCfg = Release|Any CPU
		{8D978CFF-6057-48CE-B671-D6883DAF5BEF}.Release|Any CPU.Build.0 = Release|Any CPU
		{8D978CFF-6057-48CE-B671-D6883DAF5BEF}.Release|Mixed Platforms.ActiveCfg = Release|Any CPU
		{8D978CFF-6057-48CE-B671-D6883DAF5BEF}.Release|Mixed Platforms.Build.0 = Release|Any CPU
		{8D978CFF-6057-48CE-B671-D6883DAF5BEF}.Release|x86.ActiveCfg = Release|Any CPU
		{25395B59-7855-484C-9C19-A858C39B5FC7}.Debug|Any CPU.ActiveCfg = Debug|Any CPU
		{25395B59-7855-484C-9C19-A858C39B5FC7}.Debug|Any CPU.Build.0 = Debug|Any CPU
		{25395B59-7855-484C-9C19-A858C39B5FC7}.Debug|Mixed Platforms.ActiveCfg = Debug|Any CPU
		{25395B59-7855-484C-9C19-A858C39B5FC7}.Debug|Mixed Platforms.Build.0 = Debug|Any CPU
		{25395B59-7855-484C-9C19-A858C39B5FC7}.Debug|x86.ActiveCfg = Debug|Any CPU
		{25395B59-7855-484C-9C19-A858C39B5FC7}.Release|Any CPU.ActiveCfg = Release|Any CPU
		{25395B59-7855-484C-9C19-A858C39B5FC7}.Release|Any CPU.Build.0 = Release|Any CPU
		{25395B59-7855-484C-9C19-A858C39B5FC7}.Release|Mixed Platforms.ActiveCfg = Release|Any CPU
		{25395B59-7855-484C-9C19-A858C39B5FC7}.Release|Mixed Platforms.Build.0 = Release|Any CPU
		{25395B59-7855-484C-9C19-A858C39B5FC7}.Release|x86.ActiveCfg = Release|Any CPU
		{032E69CD-26C7-4C53-8A95-16B30880AC31}.Debug|Any CPU.ActiveCfg = Debug|Any CPU
		{032E69CD-26C7-4C53-8A95-16B30880AC31}.Debug|Any CPU.Build.0 = Debug|Any CPU
		{032E69CD-26C7-4C53-8A95-16B30880AC31}.Debug|Mixed Platforms.ActiveCfg = Debug|Any CPU
		{032E69CD-26C7-4C53-8A95-16B30880AC31}.Debug|Mixed Platforms.Build.0 = Debug|Any CPU
		{032E69CD-26C7-4C53-8A95-16B30880AC31}.Debug|x86.ActiveCfg = Debug|Any CPU
		{032E69CD-26C7-4C53-8A95-16B30880AC31}.Release|Any CPU.ActiveCfg = Release|Any CPU
		{032E69CD-26C7-4C53-8A95-16B30880AC31}.Release|Any CPU.Build.0 = Release|Any CPU
		{032E69CD-26C7-4C53-8A95-16B30880AC31}.Release|Mixed Platforms.ActiveCfg = Release|Any CPU
		{032E69CD-26C7-4C53-8A95-16B30880AC31}.Release|Mixed Platforms.Build.0 = Release|Any CPU
		{032E69CD-26C7-4C53-8A95-16B30880AC31}.Release|x86.ActiveCfg = Release|Any CPU
		{36812752-A114-4C12-8FAC-DAA48FB0A485}.Debug|Any CPU.ActiveCfg = Debug|x86
		{36812752-A114-4C12-8FAC-DAA48FB0A485}.Debug|Mixed Platforms.ActiveCfg = Debug|x86
		{36812752-A114-4C12-8FAC-DAA48FB0A485}.Debug|x86.ActiveCfg = Debug|x86
		{36812752-A114-4C12-8FAC-DAA48FB0A485}.Debug|x86.Build.0 = Debug|x86
		{36812752-A114-4C12-8FAC-DAA48FB0A485}.Release|Any CPU.ActiveCfg = Debug|x86
		{36812752-A114-4C12-8FAC-DAA48FB0A485}.Release|Mixed Platforms.ActiveCfg = Debug|x86
		{36812752-A114-4C12-8FAC-DAA48FB0A485}.Release|Mixed Platforms.Build.0 = Debug|x86
		{36812752-A114-4C12-8FAC-DAA48FB0A485}.Release|x86.ActiveCfg = Debug|x86
		{36812752-A114-4C12-8FAC-DAA48FB0A485}.Release|x86.Build.0 = Debug|x86
		{A1690667-ADF8-436A-AD2E-D7CB9DBC7433}.Debug|Any CPU.ActiveCfg = Debug|x86
		{A1690667-ADF8-436A-AD2E-D7CB9DBC7433}.Debug|Mixed Platforms.ActiveCfg = Debug|x86
		{A1690667-ADF8-436A-AD2E-D7CB9DBC7433}.Debug|x86.ActiveCfg = Debug|x86
		{A1690667-ADF8-436A-AD2E-D7CB9DBC7433}.Debug|x86.Build.0 = Debug|x86
		{A1690667-ADF8-436A-AD2E-D7CB9DBC7433}.Release|Any CPU.ActiveCfg = Debug|x86
		{A1690667-ADF8-436A-AD2E-D7CB9DBC7433}.Release|Mixed Platforms.ActiveCfg = Debug|x86
		{A1690667-ADF8-436A-AD2E-D7CB9DBC7433}.Release|Mixed Platforms.Build.0 = Debug|x86
		{A1690667-ADF8-436A-AD2E-D7CB9DBC7433}.Release|x86.ActiveCfg = Debug|x86
		{A1690667-ADF8-436A-AD2E-D7CB9DBC7433}.Release|x86.Build.0 = Debug|x86
		{2F540A04-D249-4800-A08D-76869A3770A7}.Debug|Any CPU.ActiveCfg = Debug|Any CPU
		{2F540A04-D249-4800-A08D-76869A3770A7}.Debug|Any CPU.Build.0 = Debug|Any CPU
		{2F540A04-D249-4800-A08D-76869A3770A7}.Debug|Mixed Platforms.ActiveCfg = Debug|Any CPU
		{2F540A04-D249-4800-A08D-76869A3770A7}.Debug|Mixed Platforms.Build.0 = Debug|Any CPU
		{2F540A04-D249-4800-A08D-76869A3770A7}.Debug|x86.ActiveCfg = Debug|Any CPU
		{2F540A04-D249-4800-A08D-76869A3770A7}.Release|Any CPU.ActiveCfg = Release|Any CPU
		{2F540A04-D249-4800-A08D-76869A3770A7}.Release|Any CPU.Build.0 = Release|Any CPU
		{2F540A04-D249-4800-A08D-76869A3770A7}.Release|Mixed Platforms.ActiveCfg = Release|Any CPU
		{2F540A04-D249-4800-A08D-76869A3770A7}.Release|Mixed Platforms.Build.0 = Release|Any CPU
		{2F540A04-D249-4800-A08D-76869A3770A7}.Release|x86.ActiveCfg = Release|Any CPU
		{6EBC07EF-3B99-447D-B272-76D40BE6AA8A}.Debug|Any CPU.ActiveCfg = Debug|Any CPU
		{6EBC07EF-3B99-447D-B272-76D40BE6AA8A}.Debug|Any CPU.Build.0 = Debug|Any CPU
		{6EBC07EF-3B99-447D-B272-76D40BE6AA8A}.Debug|Mixed Platforms.ActiveCfg = Debug|Any CPU
		{6EBC07EF-3B99-447D-B272-76D40BE6AA8A}.Debug|Mixed Platforms.Build.0 = Debug|Any CPU
		{6EBC07EF-3B99-447D-B272-76D40BE6AA8A}.Debug|x86.ActiveCfg = Debug|Any CPU
		{6EBC07EF-3B99-447D-B272-76D40BE6AA8A}.Release|Any CPU.ActiveCfg = Release|Any CPU
		{6EBC07EF-3B99-447D-B272-76D40BE6AA8A}.Release|Any CPU.Build.0 = Release|Any CPU
		{6EBC07EF-3B99-447D-B272-76D40BE6AA8A}.Release|Mixed Platforms.ActiveCfg = Release|Any CPU
		{6EBC07EF-3B99-447D-B272-76D40BE6AA8A}.Release|Mixed Platforms.Build.0 = Release|Any CPU
		{6EBC07EF-3B99-447D-B272-76D40BE6AA8A}.Release|x86.ActiveCfg = Release|Any CPU
		{F419C476-9451-4471-9275-67525F6B1D3A}.Debug|Any CPU.ActiveCfg = Debug|Any CPU
		{F419C476-9451-4471-9275-67525F6B1D3A}.Debug|Any CPU.Build.0 = Debug|Any CPU
		{F419C476-9451-4471-9275-67525F6B1D3A}.Debug|Mixed Platforms.ActiveCfg = Debug|Any CPU
		{F419C476-9451-4471-9275-67525F6B1D3A}.Debug|Mixed Platforms.Build.0 = Debug|Any CPU
		{F419C476-9451-4471-9275-67525F6B1D3A}.Debug|x86.ActiveCfg = Debug|Any CPU
		{F419C476-9451-4471-9275-67525F6B1D3A}.Release|Any CPU.ActiveCfg = Release|Any CPU
		{F419C476-9451-4471-9275-67525F6B1D3A}.Release|Any CPU.Build.0 = Release|Any CPU
		{F419C476-9451-4471-9275-67525F6B1D3A}.Release|Mixed Platforms.ActiveCfg = Release|Any CPU
		{F419C476-9451-4471-9275-67525F6B1D3A}.Release|Mixed Platforms.Build.0 = Release|Any CPU
		{F419C476-9451-4471-9275-67525F6B1D3A}.Release|x86.ActiveCfg = Release|Any CPU
		{94757643-692B-48F1-B3D1-67C1C027974E}.Debug|Any CPU.ActiveCfg = Debug|Any CPU
		{94757643-692B-48F1-B3D1-67C1C027974E}.Debug|Any CPU.Build.0 = Debug|Any CPU
		{94757643-692B-48F1-B3D1-67C1C027974E}.Debug|Mixed Platforms.ActiveCfg = Debug|Any CPU
		{94757643-692B-48F1-B3D1-67C1C027974E}.Debug|Mixed Platforms.Build.0 = Debug|Any CPU
		{94757643-692B-48F1-B3D1-67C1C027974E}.Debug|x86.ActiveCfg = Debug|Any CPU
		{94757643-692B-48F1-B3D1-67C1C027974E}.Release|Any CPU.ActiveCfg = Release|Any CPU
		{94757643-692B-48F1-B3D1-67C1C027974E}.Release|Any CPU.Build.0 = Release|Any CPU
		{94757643-692B-48F1-B3D1-67C1C027974E}.Release|Mixed Platforms.ActiveCfg = Release|Any CPU
		{94757643-692B-48F1-B3D1-67C1C027974E}.Release|Mixed Platforms.Build.0 = Release|Any CPU
		{94757643-692B-48F1-B3D1-67C1C027974E}.Release|x86.ActiveCfg = Release|Any CPU
		{DBC50756-0074-474C-8605-A01D0D077890}.Debug|Any CPU.ActiveCfg = Debug|Any CPU
		{DBC50756-0074-474C-8605-A01D0D077890}.Debug|Any CPU.Build.0 = Debug|Any CPU
		{DBC50756-0074-474C-8605-A01D0D077890}.Debug|Mixed Platforms.ActiveCfg = Debug|Any CPU
		{DBC50756-0074-474C-8605-A01D0D077890}.Debug|Mixed Platforms.Build.0 = Debug|Any CPU
		{DBC50756-0074-474C-8605-A01D0D077890}.Debug|x86.ActiveCfg = Debug|Any CPU
		{DBC50756-0074-474C-8605-A01D0D077890}.Release|Any CPU.ActiveCfg = Release|Any CPU
		{DBC50756-0074-474C-8605-A01D0D077890}.Release|Any CPU.Build.0 = Release|Any CPU
		{DBC50756-0074-474C-8605-A01D0D077890}.Release|Mixed Platforms.ActiveCfg = Release|Any CPU
		{DBC50756-0074-474C-8605-A01D0D077890}.Release|Mixed Platforms.Build.0 = Release|Any CPU
		{DBC50756-0074-474C-8605-A01D0D077890}.Release|x86.ActiveCfg = Release|Any CPU
	EndGlobalSection
	GlobalSection(SolutionProperties) = preSolution
		HideSolutionNode = FALSE
	EndGlobalSection
	GlobalSection(NestedProjects) = preSolution
		{8D978CFF-6057-48CE-B671-D6883DAF5BEF} = {A4EF5EBE-4390-4A96-B7A5-1AFBEAEC04D9}
		{032E69CD-26C7-4C53-8A95-16B30880AC31} = {A4EF5EBE-4390-4A96-B7A5-1AFBEAEC04D9}
		{EC9DF4E3-F9E1-49E1-92FE-B67938823157} = {A4EF5EBE-4390-4A96-B7A5-1AFBEAEC04D9}
		{2F540A04-D249-4800-A08D-76869A3770A7} = {A4EF5EBE-4390-4A96-B7A5-1AFBEAEC04D9}
		{DBC50756-0074-474C-8605-A01D0D077890} = {A4EF5EBE-4390-4A96-B7A5-1AFBEAEC04D9}
		{36812752-A114-4C12-8FAC-DAA48FB0A485} = {8D5982B2-F03B-4847-919E-0C6EA16AA081}
		{A1690667-ADF8-436A-AD2E-D7CB9DBC7433} = {8D5982B2-F03B-4847-919E-0C6EA16AA081}
		{A914247D-10F5-4DB0-AD16-BF5DB1BF3777} = {408CC820-BD63-4610-97FE-879BA5231F9F}
		{CCEEDDF3-E19A-45F8-AA10-97DD69FE2982} = {408CC820-BD63-4610-97FE-879BA5231F9F}
		{F419C476-9451-4471-9275-67525F6B1D3A} = {A914247D-10F5-4DB0-AD16-BF5DB1BF3777}
		{6EBC07EF-3B99-447D-B272-76D40BE6AA8A} = {CCEEDDF3-E19A-45F8-AA10-97DD69FE2982}
	EndGlobalSection
EndGlobal
